
Microsoft Visual Studio Solution File, Format Version 12.00
# Visual Studio Version 16
VisualStudioVersion = 16.0.31729.503
MinimumVisualStudioVersion = 10.0.40219.1
Project("{FAE04EC0-301F-11D3-BF4B-00C04F79EFBC}") = "app", "app.csproj", "{5A5104D6-E537-4C38-BD9B-B2047987DE77}"
EndProject
Global
	GlobalSection(SolutionConfigurationPlatforms) = preSolution
		Debug|Any CPU = Debug|Any CPU
		Release|Any CPU = Release|Any CPU
	EndGlobalSection
	GlobalSection(ProjectConfigurationPlatforms) = postSolution
		{5A5104D6-E537-4C38-BD9B-B2047987DE77}.Debug|Any CPU.ActiveCfg = Debug|Any CPU
		{5A5104D6-E537-4C38-BD9B-B2047987DE77}.Debug|Any CPU.Build.0 = Debug|Any CPU
		{5A5104D6-E537-4C38-BD9B-B2047987DE77}.Release|Any CPU.ActiveCfg = Release|Any CPU
		{5A5104D6-E537-4C38-BD9B-B2047987DE77}.Release|Any CPU.Build.0 = Release|Any CPU
	EndGlobalSection
	GlobalSection(SolutionProperties) = preSolution
		HideSolutionNode = FALSE
	EndGlobalSection
	GlobalSection(ExtensibilityGlobals) = postSolution
		SolutionGuid = {96B16FAA-72B3-47D2-AF58-6F7C1AC82F65}
	EndGlobalSection
EndGlobal
